// !$*UTF8*$!
{
	archiveVersion = 1;
	classes = {
	};
	objectVersion = 46;
	objects = {

/* Begin PBXBuildFile section */
		9838868B1F45CC05003907B4 /* AppDelegate.swift in Sources */ = {isa = PBXBuildFile; fileRef = 9838868A1F45CC05003907B4 /* AppDelegate.swift */; };
		9838868D1F45CC06003907B4 /* ViewController.swift in Sources */ = {isa = PBXBuildFile; fileRef = 9838868C1F45CC06003907B4 /* ViewController.swift */; };
		983886901F45CC06003907B4 /* Main.storyboard in Resources */ = {isa = PBXBuildFile; fileRef = 9838868E1F45CC06003907B4 /* Main.storyboard */; };
		983886931F45CC06003907B4 /* GitTestProjesi.xcdatamodeld in Sources */ = {isa = PBXBuildFile; fileRef = 983886911F45CC06003907B4 /* GitTestProjesi.xcdatamodeld */; };
		983886951F45CC06003907B4 /* Assets.xcassets in Resources */ = {isa = PBXBuildFile; fileRef = 983886941F45CC06003907B4 /* Assets.xcassets */; };
		983886981F45CC06003907B4 /* LaunchScreen.storyboard in Resources */ = {isa = PBXBuildFile; fileRef = 983886961F45CC06003907B4 /* LaunchScreen.storyboard */; };
/* End PBXBuildFile section */

/* Begin PBXFileReference section */
		983886871F45CC05003907B4 /* GitTestProjesi.app */ = {isa = PBXFileReference; explicitFileType = wrapper.application; includeInIndex = 0; path = GitTestProjesi.app; sourceTree = BUILT_PRODUCTS_DIR; };
		9838868A1F45CC05003907B4 /* AppDelegate.swift */ = {isa = PBXFileReference; lastKnownFileType = sourcecode.swift; path = AppDelegate.swift; sourceTree = "<group>"; };
		9838868C1F45CC06003907B4 /* ViewController.swift */ = {isa = PBXFileReference; lastKnownFileType = sourcecode.swift; path = ViewController.swift; sourceTree = "<group>"; };
		9838868F1F45CC06003907B4 /* Base */ = {isa = PBXFileReference; lastKnownFileType = file.storyboard; name = Base; path = Base.lproj/Main.storyboard; sourceTree = "<group>"; };
		983886921F45CC06003907B4 /* GitTestProjesi.xcdatamodel */ = {isa = PBXFileReference; lastKnownFileType = wrapper.xcdatamodel; path = GitTestProjesi.xcdatamodel; sourceTree = "<group>"; };
		983886941F45CC06003907B4 /* Assets.xcassets */ = {isa = PBXFileReference; lastKnownFileType = folder.assetcatalog; path = Assets.xcassets; sourceTree = "<group>"; };
		983886971F45CC06003907B4 /* Base */ = {isa = PBXFileReference; lastKnownFileType = file.storyboard; name = Base; path = Base.lproj/LaunchScreen.storyboard; sourceTree = "<group>"; };
		983886991F45CC06003907B4 /* Info.plist */ = {isa = PBXFileReference; lastKnownFileType = text.plist.xml; path = Info.plist; sourceTree = "<group>"; };
/* End PBXFileReference section */

/* Begin PBXFrameworksBuildPhase section */
		983886841F45CC05003907B4 /* Frameworks */ = {
			isa = PBXFrameworksBuildPhase;
			buildActionMask = 2147483647;
			files = (
			);
			runOnlyForDeploymentPostprocessing = 0;
		};
/* End PBXFrameworksBuildPhase section */

/* Begin PBXGroup section */
		9838867E1F45CC05003907B4 = {
			isa = PBXGroup;
			children = (
				983886891F45CC05003907B4 /* GitTestProjesi */,
				983886881F45CC05003907B4 /* Products */,
			);
			sourceTree = "<group>";
		};
		983886881F45CC05003907B4 /* Products */ = {
			isa = PBXGroup;
			children = (
				983886871F45CC05003907B4 /* GitTestProjesi.app */,
			);
			name = Products;
			sourceTree = "<group>";
		};
		983886891F45CC05003907B4 /* GitTestProjesi */ = {
			isa = PBXGroup;
			children = (
				9838868A1F45CC05003907B4 /* AppDelegate.swift */,
				9838868C1F45CC06003907B4 /* ViewController.swift */,
				9838868E1F45CC06003907B4 /* Main.storyboard */,
				983886941F45CC06003907B4 /* Assets.xcassets */,
				983886961F45CC06003907B4 /* LaunchScreen.storyboard */,
				983886991F45CC06003907B4 /* Info.plist */,
				983886911F45CC06003907B4 /* GitTestProjesi.xcdatamodeld */,
			);
			path = GitTestProjesi;
			sourceTree = "<group>";
		};
/* End PBXGroup section */

/* Begin PBXNativeTarget section */
		983886861F45CC05003907B4 /* GitTestProjesi */ = {
			isa = PBXNativeTarget;
			buildConfigurationList = 9838869C1F45CC06003907B4 /* Build configuration list for PBXNativeTarget "GitTestProjesi" */;
			buildPhases = (
				983886831F45CC05003907B4 /* Sources */,
				983886841F45CC05003907B4 /* Frameworks */,
				983886851F45CC05003907B4 /* Resources */,
			);
			buildRules = (
			);
			dependencies = (
			);
			name = GitTestProjesi;
			productName = GitTestProjesi;
			productReference = 983886871F45CC05003907B4 /* GitTestProjesi.app */;
			productType = "com.apple.product-type.application";
		};
/* End PBXNativeTarget section */

/* Begin PBXProject section */
		9838867F1F45CC05003907B4 /* Project object */ = {
			isa = PBXProject;
			attributes = {
				LastSwiftUpdateCheck = 0830;
				LastUpgradeCheck = 0830;
				ORGANIZATIONNAME = Serpil;
				TargetAttributes = {
					983886861F45CC05003907B4 = {
						CreatedOnToolsVersion = 8.3.3;
						DevelopmentTeam = BN765WUPST;
						ProvisioningStyle = Automatic;
					};
				};
			};
			buildConfigurationList = 983886821F45CC05003907B4 /* Build configuration list for PBXProject "GitTestProjesi" */;
			compatibilityVersion = "Xcode 3.2";
			developmentRegion = English;
			hasScannedForEncodings = 0;
			knownRegions = (
				en,
				Base,
			);
			mainGroup = 9838867E1F45CC05003907B4;
			productRefGroup = 983886881F45CC05003907B4 /* Products */;
			projectDirPath = "";
			projectRoot = "";
			targets = (
				983886861F45CC05003907B4 /* GitTestProjesi */,
			);
		};
/* End PBXProject section */

/* Begin PBXResourcesBuildPhase section */
		983886851F45CC05003907B4 /* Resources */ = {
			isa = PBXResourcesBuildPhase;
			buildActionMask = 2147483647;
			files = (
				983886981F45CC06003907B4 /* LaunchScreen.storyboard in Resources */,
				983886951F45CC06003907B4 /* Assets.xcassets in Resources */,
				983886901F45CC06003907B4 /* Main.storyboard in Resources */,
			);
			runOnlyForDeploymentPostprocessing = 0;
		};
/* End PBXResourcesBuildPhase section */

/* Begin PBXSourcesBuildPhase section */
		983886831F45CC05003907B4 /* Sources */ = {
			isa = PBXSourcesBuildPhase;
			buildActionMask = 2147483647;
			files = (
				9838868D1F45CC06003907B4 /* ViewController.swift in Sources */,
				9838868B1F45CC05003907B4 /* AppDelegate.swift in Sources */,
				983886931F45CC06003907B4 /* GitTestProjesi.xcdatamodeld in Sources */,
			);
			runOnlyForDeploymentPostprocessing = 0;
		};
/* End PBXSourcesBuildPhase section */

/* Begin PBXVariantGroup section */
		9838868E1F45CC06003907B4 /* Main.storyboard */ = {
			isa = PBXVariantGroup;
			children = (
				9838868F1F45CC06003907B4 /* Base */,
			);
			name = Main.storyboard;
			sourceTree = "<group>";
		};
		983886961F45CC06003907B4 /* LaunchScreen.storyboard */ = {
			isa = PBXVariantGroup;
			children = (
				983886971F45CC06003907B4 /* Base */,
			);
			name = LaunchScreen.storyboard;
			sourceTree = "<group>";
		};
/* End PBXVariantGroup section */

/* Begin XCBuildConfiguration section */
		9838869A1F45CC06003907B4 /* Debug */ = {
			isa = XCBuildConfiguration;
			buildSettings = {
				ALWAYS_SEARCH_USER_PATHS = NO;
				CLANG_ANALYZER_NONNULL = YES;
				CLANG_ANALYZER_NUMBER_OBJECT_CONVERSION = YES_AGGRESSIVE;
				CLANG_CXX_LANGUAGE_STANDARD = "gnu++0x";
				CLANG_CXX_LIBRARY = "libc++";
				CLANG_ENABLE_MODULES = YES;
				CLANG_ENABLE_OBJC_ARC = YES;
				CLANG_WARN_BOOL_CONVERSION = YES;
				CLANG_WARN_CONSTANT_CONVERSION = YES;
				CLANG_WARN_DIRECT_OBJC_ISA_USAGE = YES_ERROR;
				CLANG_WARN_DOCUMENTATION_COMMENTS = YES;
				CLANG_WARN_EMPTY_BODY = YES;
				CLANG_WARN_ENUM_CONVERSION = YES;
				CLANG_WARN_INFINITE_RECURSION = YES;
				CLANG_WARN_INT_CONVERSION = YES;
				CLANG_WARN_OBJC_ROOT_CLASS = YES_ERROR;
				CLANG_WARN_SUSPICIOUS_MOVE = YES;
				CLANG_WARN_UNREACHABLE_CODE = YES;
				CLANG_WARN__DUPLICATE_METHOD_MATCH = YES;
				"CODE_SIGN_IDENTITY[sdk=iphoneos*]" = "iPhone Developer";
				COPY_PHASE_STRIP = NO;
				DEBUG_INFORMATION_FORMAT = dwarf;
				ENABLE_STRICT_OBJC_MSGSEND = YES;
				ENABLE_TESTABILITY = YES;
				GCC_C_LANGUAGE_STANDARD = gnu99;
				GCC_DYNAMIC_NO_PIC = NO;
				GCC_NO_COMMON_BLOCKS = YES;
				GCC_OPTIMIZATION_LEVEL = 0;
				GCC_PREPROCESSOR_DEFINITIONS = (
					"DEBUG=1",
					"$(inherited)",
				);
				GCC_WARN_64_TO_32_BIT_CONVERSION = YES;
				GCC_WARN_ABOUT_RETURN_TYPE = YES_ERROR;
				GCC_WARN_UNDECLARED_SELECTOR = YES;
				GCC_WARN_UNINITIALIZED_AUTOS = YES_AGGRESSIVE;
				GCC_WARN_UNUSED_FUNCTION = YES;
				GCC_WARN_UNUSED_VARIABLE = YES;
				IPHONEOS_DEPLOYMENT_TARGET = 10.3;
				MTL_ENABLE_DEBUG_INFO = YES;
				ONLY_ACTIVE_ARCH = YES;
				SDKROOT = iphoneos;
				SWIFT_ACTIVE_COMPILATION_CONDITIONS = DEBUG;
				SWIFT_OPTIMIZATION_LEVEL = "-Onone";
			};
			name = Debug;
		};
		9838869B1F45CC06003907B4 /* Release */ = {
			isa = XCBuildConfiguration;
			buildSettings = {
				ALWAYS_SEARCH_USER_PATHS = NO;
				CLANG_ANALYZER_NONNULL = YES;
				CLANG_ANALYZER_NUMBER_OBJECT_CONVERSION = YES_AGGRESSIVE;
				CLANG_CXX_LANGUAGE_STANDARD = "gnu++0x";
				CLANG_CXX_LIBRARY = "libc++";
				CLANG_ENABLE_MODULES = YES;
				CLANG_ENABLE_OBJC_ARC = YES;
				CLANG_WARN_BOOL_CONVERSION = YES;
				CLANG_WARN_CONSTANT_CONVERSION = YES;
				CLANG_WARN_DIRECT_OBJC_ISA_USAGE = YES_ERROR;
				CLANG_WARN_DOCUMENTATION_COMMENTS = YES;
				CLANG_WARN_EMPTY_BODY = YES;
				CLANG_WARN_ENUM_CONVERSION = YES;
				CLANG_WARN_INFINITE_RECURSION = YES;
				CLANG_WARN_INT_CONVERSION = YES;
				CLANG_WARN_OBJC_ROOT_CLASS = YES_ERROR;
				CLANG_WARN_SUSPICIOUS_MOVE = YES;
				CLANG_WARN_UNREACHABLE_CODE = YES;
				CLANG_WARN__DUPLICATE_METHOD_MATCH = YES;
				"CODE_SIGN_IDENTITY[sdk=iphoneos*]" = "iPhone Developer";
				COPY_PHASE_STRIP = NO;
				DEBUG_INFORMATION_FORMAT = "dwarf-with-dsym";
				ENABLE_NS_ASSERTIONS = NO;
				ENABLE_STRICT_OBJC_MSGSEND = YES;
				GCC_C_LANGUAGE_STANDARD = gnu99;
				GCC_NO_COMMON_BLOCKS = YES;
				GCC_WARN_64_TO_32_BIT_CONVERSION = YES;
				GCC_WARN_ABOUT_RETURN_TYPE = YES_ERROR;
				GCC_WARN_UNDECLARED_SELECTOR = YES;
				GCC_WARN_UNINITIALIZED_AUTOS = YES_AGGRESSIVE;
				GCC_WARN_UNUSED_FUNCTION = YES;
				GCC_WARN_UNUSED_VARIABLE = YES;
				IPHONEOS_DEPLOYMENT_TARGET = 10.3;
				MTL_ENABLE_DEBUG_INFO = NO;
				SDKROOT = iphoneos;
				SWIFT_OPTIMIZATION_LEVEL = "-Owholemodule";
				VALIDATE_PRODUCT = YES;
			};
			name = Release;
		};
		9838869D1F45CC06003907B4 /* Debug */ = {
			isa = XCBuildConfiguration;
			buildSettings = {
				ASSETCATALOG_COMPILER_APPICON_NAME = AppIcon;
				DEVELOPMENT_TEAM = BN765WUPST;
				INFOPLIST_FILE = GitTestProjesi/Info.plist;
				LD_RUNPATH_SEARCH_PATHS = "$(inherited) @executable_path/Frameworks";
				PRODUCT_BUNDLE_IDENTIFIER = com.safa.GitTestProjesi;
				PRODUCT_NAME = "$(TARGET_NAME)";
				SWIFT_VERSION = 3.0;
			};
			name = Debug;
		};
		9838869E1F45CC06003907B4 /* Release */ = {
			isa = XCBuildConfiguration;
			buildSettings = {
				ASSETCATALOG_COMPILER_APPICON_NAME = AppIcon;
				DEVELOPMENT_TEAM = BN765WUPST;
				INFOPLIST_FILE = GitTestProjesi/Info.plist;
				LD_RUNPATH_SEARCH_PATHS = "$(inherited) @executable_path/Frameworks";
				PRODUCT_BUNDLE_IDENTIFIER = com.safa.GitTestProjesi;
				PRODUCT_NAME = "$(TARGET_NAME)";
				SWIFT_VERSION = 3.0;
			};
			name = Release;
		};
/* End XCBuildConfiguration section */

/* Begin XCConfigurationList section */
		983886821F45CC05003907B4 /* Build configuration list for PBXProject "GitTestProjesi" */ = {
			isa = XCConfigurationList;
			buildConfigurations = (
				9838869A1F45CC06003907B4 /* Debug */,
				9838869B1F45CC06003907B4 /* Release */,
			);
			defaultConfigurationIsVisible = 0;
			defaultConfigurationName = Release;
		};
		9838869C1F45CC06003907B4 /* Build configuration list for PBXNativeTarget "GitTestProjesi" */ = {
			isa = XCConfigurationList;
			buildConfigurations = (
				9838869D1F45CC06003907B4 /* Debug */,
				9838869E1F45CC06003907B4 /* Release */,
			);
			defaultConfigurationIsVisible = 0;
		};
/* End XCConfigurationList section */

/* Begin XCVersionGroup section */
		983886911F45CC06003907B4 /* GitTestProjesi.xcdatamodeld */ = {
			isa = XCVersionGroup;
			children = (
				983886921F45CC06003907B4 /* GitTestProjesi.xcdatamodel */,
			);
			currentVersion = 983886921F45CC06003907B4 /* GitTestProjesi.xcdatamodel */;
			path = GitTestProjesi.xcdatamodeld;
			sourceTree = "<group>";
			versionGroupType = wrapper.xcdatamodel;
		};
/* End XCVersionGroup section */
	};
	rootObject = 9838867F1F45CC05003907B4 /* Project object */;
}
